
Microsoft Visual Studio Solution File, Format Version 11.00
# Visual Studio 2010
Project("{FAE04EC0-301F-11D3-BF4B-00C04F79EFBC}") = "RouteMagic", "RouteMagic\RouteMagic.csproj", "{FD31E05E-9916-4219-99C8-8FCC46CAEB54}"
EndProject
Project("{FAE04EC0-301F-11D3-BF4B-00C04F79EFBC}") = "RouteMagicDemo.Web", "RouteMagicDemo.Web\RouteMagicDemo.Web.csproj", "{DC6527E3-0946-4C3F-AE16-A41A1890EE3F}"
EndProject
Project("{FAE04EC0-301F-11D3-BF4B-00C04F79EFBC}") = "UnitTests", "UnitTests\UnitTests.csproj", "{DC4C0E90-AD76-4273-B05A-73033CD5145E}"
EndProject
Project("{FAE04EC0-301F-11D3-BF4B-00C04F79EFBC}") = "RouteMagic.Mvc", "RouteMagic.Mvc\RouteMagic.Mvc.csproj", "{D9321DA3-F3AC-4567-8452-B1B5D5633045}"
EndProject
Project("{2150E333-8FDC-42A3-9474-1A3956D46DE8}") = "Metadata", "Metadata", "{88DFFA33-B237-4B28-BE20-EC3B4516BC10}"
	ProjectSection(SolutionItems) = preProject
		SolutionInfo.cs = SolutionInfo.cs
	EndProjectSection
EndProject
Global
	GlobalSection(SolutionConfigurationPlatforms) = preSolution
		Debug|Any CPU = Debug|Any CPU
		Release|Any CPU = Release|Any CPU
	EndGlobalSection
	GlobalSection(ProjectConfigurationPlatforms) = postSolution
		{FD31E05E-9916-4219-99C8-8FCC46CAEB54}.Debug|Any CPU.ActiveCfg = Debug|Any CPU
		{FD31E05E-9916-4219-99C8-8FCC46CAEB54}.Debug|Any CPU.Build.0 = Debug|Any CPU
		{FD31E05E-9916-4219-99C8-8FCC46CAEB54}.Release|Any CPU.ActiveCfg = Release|Any CPU
		{FD31E05E-9916-4219-99C8-8FCC46CAEB54}.Release|Any CPU.Build.0 = Release|Any CPU
		{DC6527E3-0946-4C3F-AE16-A41A1890EE3F}.Debug|Any CPU.ActiveCfg = Debug|Any CPU
		{DC6527E3-0946-4C3F-AE16-A41A1890EE3F}.Debug|Any CPU.Build.0 = Debug|Any CPU
		{DC6527E3-0946-4C3F-AE16-A41A1890EE3F}.Release|Any CPU.ActiveCfg = Release|Any CPU
		{DC6527E3-0946-4C3F-AE16-A41A1890EE3F}.Release|Any CPU.Build.0 = Release|Any CPU
		{DC4C0E90-AD76-4273-B05A-73033CD5145E}.Debug|Any CPU.ActiveCfg = Debug|Any CPU
		{DC4C0E90-AD76-4273-B05A-73033CD5145E}.Debug|Any CPU.Build.0 = Debug|Any CPU
		{DC4C0E90-AD76-4273-B05A-73033CD5145E}.Release|Any CPU.ActiveCfg = Release|Any CPU
		{DC4C0E90-AD76-4273-B05A-73033CD5145E}.Release|Any CPU.Build.0 = Release|Any CPU
		{D9321DA3-F3AC-4567-8452-B1B5D5633045}.Debug|Any CPU.ActiveCfg = Debug|Any CPU
		{D9321DA3-F3AC-4567-8452-B1B5D5633045}.Debug|Any CPU.Build.0 = Debug|Any CPU
		{D9321DA3-F3AC-4567-8452-B1B5D5633045}.Release|Any CPU.ActiveCfg = Release|Any CPU
		{D9321DA3-F3AC-4567-8452-B1B5D5633045}.Release|Any CPU.Build.0 = Release|Any CPU
	EndGlobalSection
	GlobalSection(SolutionProperties) = preSolution
		HideSolutionNode = FALSE
	EndGlobalSection
EndGlobal
